
Microsoft Visual Studio Solution File, Format Version 12.00
# Visual Studio Version 17
VisualStudioVersion = 17.6.33829.357
MinimumVisualStudioVersion = 10.0.40219.1
Project("{FAE04EC0-301F-11D3-BF4B-00C04F79EFBC}") = "JisaWebAPIDemo", "JisaWebAPIDemo\JisaWebAPIDemo.csproj", "{4782D1F8-0D01-4550-80A5-F787E2272415}"
EndProject
Global
	GlobalSection(SolutionConfigurationPlatforms) = preSolution
		Debug|Any CPU = Debug|Any CPU
		Release|Any CPU = Release|Any CPU
	EndGlobalSection
	GlobalSection(ProjectConfigurationPlatforms) = postSolution
		{4782D1F8-0D01-4550-80A5-F787E2272415}.Debug|Any CPU.ActiveCfg = Debug|Any CPU
		{4782D1F8-0D01-4550-80A5-F787E2272415}.Debug|Any CPU.Build.0 = Debug|Any CPU
		{4782D1F8-0D01-4550-80A5-F787E2272415}.Release|Any CPU.ActiveCfg = Release|Any CPU
		{4782D1F8-0D01-4550-80A5-F787E2272415}.Release|Any CPU.Build.0 = Release|Any CPU
	EndGlobalSection
	GlobalSection(SolutionProperties) = preSolution
		HideSolutionNode = FALSE
	EndGlobalSection
	GlobalSection(ExtensibilityGlobals) = postSolution
		SolutionGuid = {5D1CE44D-EB2D-4CA0-8079-58F1B615C25B}
	EndGlobalSection
EndGlobal
